
Microsoft Visual Studio Solution File, Format Version 12.00
# Visual Studio Version 17
VisualStudioVersion = 17.11.35327.3
MinimumVisualStudioVersion = 10.0.40219.1
Project("{FAE04EC0-301F-11D3-BF4B-00C04F79EFBC}") = "MyPortfolioMvc", "MyPortfolioMVC\MyPortfolioMvc.csproj", "{A8DF6ED0-4477-4436-820C-19209EC0E645}"
EndProject
Global
	GlobalSection(SolutionConfigurationPlatforms) = preSolution
		Debug|Any CPU = Debug|Any CPU
		Release|Any CPU = Release|Any CPU
	EndGlobalSection
	GlobalSection(ProjectConfigurationPlatforms) = postSolution
		{A8DF6ED0-4477-4436-820C-19209EC0E645}.Debug|Any CPU.ActiveCfg = Debug|Any CPU
		{A8DF6ED0-4477-4436-820C-19209EC0E645}.Debug|Any CPU.Build.0 = Debug|Any CPU
		{A8DF6ED0-4477-4436-820C-19209EC0E645}.Release|Any CPU.ActiveCfg = Release|Any CPU
		{A8DF6ED0-4477-4436-820C-19209EC0E645}.Release|Any CPU.Build.0 = Release|Any CPU
	EndGlobalSection
	GlobalSection(SolutionProperties) = preSolution
		HideSolutionNode = FALSE
	EndGlobalSection
	GlobalSection(ExtensibilityGlobals) = postSolution
		SolutionGuid = {D1FE83C1-3703-4DD9-BE82-70AA9A83B248}
	EndGlobalSection
EndGlobal
